{
  "name": "@yipsec/damselfish",
  "version": "1.0.0",
  "lockfileVersion": 3,
  "requires": true,
  "packages": {
    "": {
      "name": "@yipsec/damselfish",
      "version": "1.0.0",
      "license": "AGPL-3.0",
      "dependencies": {
        "@yipsec/blossom": "^1.0.0",
        "@yipsec/brig": "^1.0.0",
        "@yipsec/bulb": "^4.0.0",
        "@yipsec/kdns": "^8.0.2",
        "@yipsec/merked": "^1.0.1",
        "@yipsec/rise": "^1.0.1",
        "@yipsec/scarf": "^1.0.0"
      },
      "bin": {
        "damselfish": "bin/damselfish.js"
      },
      "devDependencies": {},
      "engines": {
        "node": ">=22"
      }
    },
    "node_modules/@ecies/ciphers": {
      "version": "0.2.3",
      "resolved": "https://registry.npmjs.org/@ecies/ciphers/-/ciphers-0.2.3.tgz",
      "integrity": "sha512-tapn6XhOueMwht3E2UzY0ZZjYokdaw9XtL9kEyjhQ/Fb9vL9xTFbOaI+fV0AWvTpYu4BNloC6getKW6NtSg4mA==",
      "license": "MIT",
      "engines": {
        "bun": ">=1",
        "deno": ">=2",
        "node": ">=16"
      },
      "peerDependencies": {
        "@noble/ciphers": "^1.0.0"
      }
    },
    "node_modules/@noble/ciphers": {
      "version": "1.3.0",
      "resolved": "https://registry.npmjs.org/@noble/ciphers/-/ciphers-1.3.0.tgz",
      "integrity": "sha512-2I0gnIVPtfnMw9ee9h1dJG7tp81+8Ob3OJb3Mv37rx5L40/b0i7djjCVvGOVqc9AEIQyvyu1i6ypKdFw8R8gQw==",
      "license": "MIT",
      "engines": {
        "node": "^14.21.3 || >=16"
      },
      "funding": {
        "url": "https://paulmillr.com/funding/"
      }
    },
    "node_modules/@noble/curves": {
      "version": "1.9.2",
      "resolved": "https://registry.npmjs.org/@noble/curves/-/curves-1.9.2.tgz",
      "integrity": "sha512-HxngEd2XUcg9xi20JkwlLCtYwfoFw4JGkuZpT+WlsPD4gB/cxkvTD8fSsoAnphGZhFdZYKeQIPCuFlWPm1uE0g==",
      "license": "MIT",
      "dependencies": {
        "@noble/hashes": "1.8.0"
      },
      "engines": {
        "node": "^14.21.3 || >=16"
      },
      "funding": {
        "url": "https://paulmillr.com/funding/"
      }
    },
    "node_modules/@noble/hashes": {
      "version": "1.8.0",
      "resolved": "https://registry.npmjs.org/@noble/hashes/-/hashes-1.8.0.tgz",
      "integrity": "sha512-jCs9ldd7NwzpgXDIf6P3+NrHh9/sD6CQdxHyjQI+h/6rDNo88ypBxxz45UDuZHz9r3tNz7N/VInSVoVdtXEI4A==",
      "license": "MIT",
      "engines": {
        "node": "^14.21.3 || >=16"
      },
      "funding": {
        "url": "https://paulmillr.com/funding/"
      }
    },
    "node_modules/@yipsec/blossom": {
      "version": "1.0.0",
      "resolved": "https://registry.npmjs.org/@yipsec/blossom/-/blossom-1.0.0.tgz",
      "integrity": "sha512-/27SkQNrObPI52Aa/L3etAEtJENwytf57Okag08UitcQ+92EB3i0C4mzioyCUqx5XHFYo+Ajn1uc9wnAz+UN6Q==",
      "license": "LGPL-3.0"
    },
    "node_modules/@yipsec/brig": {
      "version": "1.0.0",
      "resolved": "https://registry.npmjs.org/@yipsec/brig/-/brig-1.0.0.tgz",
      "integrity": "sha512-XuzdwX4/iEsojT3PqIhcRxutwa0pPKMo5cJvfWGU5SmayYtiNgC+p/IFG9Sludqt5zelKzu6/J5T2WVFs+bOhA==",
      "license": "LGPL-3.0"
    },
    "node_modules/@yipsec/bulb": {
      "version": "4.0.0",
      "resolved": "https://registry.npmjs.org/@yipsec/bulb/-/bulb-4.0.0.tgz",
      "integrity": "sha512-hoh13DRS1RgtmlZffX4TeBESpO+oZQWpecNRbpahYETsW3KcU+qjp4B4MGVercIJN9NcvLC3W02/YZR28+H6mg==",
      "hasInstallScript": true,
      "license": "LGPL-3.0",
      "dependencies": {
        "socks": "^2.8.4"
      },
      "engines": {
        "node": ">=22"
      }
    },
    "node_modules/@yipsec/equihash": {
      "version": "1.0.0",
      "resolved": "https://registry.npmjs.org/@yipsec/equihash/-/equihash-1.0.0.tgz",
      "integrity": "sha512-zfHhmUZYF6tzvwXtbO1by91PppXKZQqLtYZOtWikvu7x+bUvqqcTWnPaJUSJ1Zc+ggjtY7qdFmCEHmS7xlxQKw==",
      "hasInstallScript": true,
      "license": "LGPL-3.0",
      "dependencies": {
        "bindings": "^1.5.0",
        "nan": "^2.22.0"
      }
    },
    "node_modules/@yipsec/kdns": {
      "version": "8.0.2",
      "resolved": "https://registry.npmjs.org/@yipsec/kdns/-/kdns-8.0.2.tgz",
      "integrity": "sha512-FBB+zWYcVejhLWJzOmuCJIGunTMScNBmnVx0GOv3J3qkrnM7CueILxwsicZk9RnOIqfSvZaNgMuIxmQ69nv1ow==",
      "license": "AGPL-3.0",
      "engines": {
        "node": ">=22"
      }
    },
    "node_modules/@yipsec/merked": {
      "version": "1.0.1",
      "resolved": "https://registry.npmjs.org/@yipsec/merked/-/merked-1.0.1.tgz",
      "integrity": "sha512-WS4XStxhWA3bbwMY/Ok+sSDaCXLTZy3ARmttxf7WBBjYY3VrDJrR4T+cjnto1tf0iU3glrEn+mNai+S3EL2R4A==",
      "license": "LGPL-3.0",
      "bin": {
        "merk": "bin/merk.js"
      }
    },
    "node_modules/@yipsec/rise": {
      "version": "1.0.1",
      "resolved": "https://registry.npmjs.org/@yipsec/rise/-/rise-1.0.1.tgz",
      "integrity": "sha512-0uo10BZNBmH3ijJ8j9yJHK0aM1lKmoArlY5DwRbnIuYloJoIovw5Rghx1f7jMK9E9clIR0tyiDINY3ZkVfmGOw==",
      "license": "LGPL-2.1",
      "dependencies": {
        "@noble/curves": "^1.9.2",
        "@yipsec/equihash": "^1.0.0",
        "bip39": "^3.1.0",
        "eciesjs": "^0.4.15"
      }
    },
    "node_modules/@yipsec/scarf": {
      "version": "1.0.0",
      "resolved": "https://registry.npmjs.org/@yipsec/scarf/-/scarf-1.0.0.tgz",
      "integrity": "sha512-PMBuN59tc3kiSPs2OtqN+nszsjfiB6zWUc9/3wQ/AJ3R35ogdKP5QI8Qj+EdT46FOGt7BB83YEwAIHa0ZCYZlg==",
      "license": "LGPL-3.0",
      "dependencies": {
        "jsonrpc-lite": "^1.2.3"
      }
    },
    "node_modules/bindings": {
      "version": "1.5.0",
      "resolved": "https://registry.npmjs.org/bindings/-/bindings-1.5.0.tgz",
      "integrity": "sha512-p2q/t/mhvuOj/UeLlV6566GD/guowlr0hHxClI0W9m7MWYkL1F0hLo+0Aexs9HSPCtR1SXQ0TD3MMKrXZajbiQ==",
      "license": "MIT",
      "dependencies": {
        "file-uri-to-path": "1.0.0"
      }
    },
    "node_modules/bip39": {
      "version": "3.1.0",
      "resolved": "https://registry.npmjs.org/bip39/-/bip39-3.1.0.tgz",
      "integrity": "sha512-c9kiwdk45Do5GL0vJMe7tS95VjCii65mYAH7DfWl3uW8AVzXKQVUm64i3hzVybBDMp9r7j9iNxR85+ul8MdN/A==",
      "license": "ISC",
      "dependencies": {
        "@noble/hashes": "^1.2.0"
      }
    },
    "node_modules/eciesjs": {
      "version": "0.4.15",
      "resolved": "https://registry.npmjs.org/eciesjs/-/eciesjs-0.4.15.tgz",
      "integrity": "sha512-r6kEJXDKecVOCj2nLMuXK/FCPeurW33+3JRpfXVbjLja3XUYFfD9I/JBreH6sUyzcm3G/YQboBjMla6poKeSdA==",
      "license": "MIT",
      "dependencies": {
        "@ecies/ciphers": "^0.2.3",
        "@noble/ciphers": "^1.3.0",
        "@noble/curves": "^1.9.1",
        "@noble/hashes": "^1.8.0"
      },
      "engines": {
        "bun": ">=1",
        "deno": ">=2",
        "node": ">=16"
      }
    },
    "node_modules/file-uri-to-path": {
      "version": "1.0.0",
      "resolved": "https://registry.npmjs.org/file-uri-to-path/-/file-uri-to-path-1.0.0.tgz",
      "integrity": "sha512-0Zt+s3L7Vf1biwWZ29aARiVYLx7iMGnEUl9x33fbB/j3jR81u/O2LbqK+Bm1CDSNDKVtJ/YjwY7TUd5SkeLQLw==",
      "license": "MIT"
    },
    "node_modules/ip-address": {
      "version": "9.0.5",
      "resolved": "https://registry.npmjs.org/ip-address/-/ip-address-9.0.5.tgz",
      "integrity": "sha512-zHtQzGojZXTwZTHQqra+ETKd4Sn3vgi7uBmlPoXVWZqYvuKmtI0l/VZTjqGmJY9x88GGOaZ9+G9ES8hC4T4X8g==",
      "license": "MIT",
      "dependencies": {
        "jsbn": "1.1.0",
        "sprintf-js": "^1.1.3"
      },
      "engines": {
        "node": ">= 12"
      }
    },
    "node_modules/jsbn": {
      "version": "1.1.0",
      "resolved": "https://registry.npmjs.org/jsbn/-/jsbn-1.1.0.tgz",
      "integrity": "sha512-4bYVV3aAMtDTTu4+xsDYa6sy9GyJ69/amsu9sYF2zqjiEoZA5xJi3BrfX3uY+/IekIu7MwdObdbDWpoZdBv3/A==",
      "license": "MIT"
    },
    "node_modules/jsonrpc-lite": {
      "version": "1.3.1",
      "resolved": "https://registry.npmjs.org/jsonrpc-lite/-/jsonrpc-lite-1.3.1.tgz",
      "integrity": "sha512-U8qzbbTFLWk58kKQHnvQufx8beO4InZH+XEZJEoObh6ENuLdVJV7UdFkWkFyjSjUaHD9Tfs5iEjtGrtVsNgevA==",
      "license": "MIT"
    },
    "node_modules/nan": {
      "version": "2.22.2",
      "resolved": "https://registry.npmjs.org/nan/-/nan-2.22.2.tgz",
      "integrity": "sha512-DANghxFkS1plDdRsX0X9pm0Z6SJNN6gBdtXfanwoZ8hooC5gosGFSBGRYHUVPz1asKA/kMRqDRdHrluZ61SpBQ==",
      "license": "MIT"
    },
    "node_modules/smart-buffer": {
      "version": "4.2.0",
      "resolved": "https://registry.npmjs.org/smart-buffer/-/smart-buffer-4.2.0.tgz",
      "integrity": "sha512-94hK0Hh8rPqQl2xXc3HsaBoOXKV20MToPkcXvwbISWLEs+64sBq5kFgn2kJDHb1Pry9yrP0dxrCI9RRci7RXKg==",
      "license": "MIT",
      "engines": {
        "node": ">= 6.0.0",
        "npm": ">= 3.0.0"
      }
    },
    "node_modules/socks": {
      "version": "2.8.5",
      "resolved": "https://registry.npmjs.org/socks/-/socks-2.8.5.tgz",
      "integrity": "sha512-iF+tNDQla22geJdTyJB1wM/qrX9DMRwWrciEPwWLPRWAUEM8sQiyxgckLxWT1f7+9VabJS0jTGGr4QgBuvi6Ww==",
      "license": "MIT",
      "dependencies": {
        "ip-address": "^9.0.5",
        "smart-buffer": "^4.2.0"
      },
      "engines": {
        "node": ">= 10.0.0",
        "npm": ">= 3.0.0"
      }
    },
    "node_modules/sprintf-js": {
      "version": "1.1.3",
      "resolved": "https://registry.npmjs.org/sprintf-js/-/sprintf-js-1.1.3.tgz",
      "integrity": "sha512-Oo+0REFV59/rz3gfJNKQiBlwfHaSESl1pcGyABQsnnIfWOFt6JNj5gCog2U6MLZ//IGYD+nA8nI+mTShREReaA==",
      "license": "BSD-3-Clause"
    }
  }
}
